
Microsoft Visual Studio Solution File, Format Version 12.00
# Visual Studio Version 17
VisualStudioVersion = 17.8.34525.116
MinimumVisualStudioVersion = 10.0.40219.1
Project("{FAE04EC0-301F-11D3-BF4B-00C04F79EFBC}") = "QuoteGeneratorClient", "HW2203\QuoteGeneratorClient.csproj", "{2889C46D-61FB-460E-B88F-6BFC55F654FB}"
EndProject
Project("{FAE04EC0-301F-11D3-BF4B-00C04F79EFBC}") = "QuoteGeneratorTcpServer", "QuoteGeneratorTcpServer\QuoteGeneratorTcpServer.csproj", "{0BF3CE16-7FCA-4EB3-A288-E7C5A42EFBB2}"
EndProject
Global
	GlobalSection(SolutionConfigurationPlatforms) = preSolution
		Debug|Any CPU = Debug|Any CPU
		Release|Any CPU = Release|Any CPU
	EndGlobalSection
	GlobalSection(ProjectConfigurationPlatforms) = postSolution
		{2889C46D-61FB-460E-B88F-6BFC55F654FB}.Debug|Any CPU.ActiveCfg = Debug|Any CPU
		{2889C46D-61FB-460E-B88F-6BFC55F654FB}.Debug|Any CPU.Build.0 = Debug|Any CPU
		{2889C46D-61FB-460E-B88F-6BFC55F654FB}.Release|Any CPU.ActiveCfg = Release|Any CPU
		{2889C46D-61FB-460E-B88F-6BFC55F654FB}.Release|Any CPU.Build.0 = Release|Any CPU
		{0BF3CE16-7FCA-4EB3-A288-E7C5A42EFBB2}.Debug|Any CPU.ActiveCfg = Debug|Any CPU
		{0BF3CE16-7FCA-4EB3-A288-E7C5A42EFBB2}.Debug|Any CPU.Build.0 = Debug|Any CPU
		{0BF3CE16-7FCA-4EB3-A288-E7C5A42EFBB2}.Release|Any CPU.ActiveCfg = Release|Any CPU
		{0BF3CE16-7FCA-4EB3-A288-E7C5A42EFBB2}.Release|Any CPU.Build.0 = Release|Any CPU
	EndGlobalSection
	GlobalSection(SolutionProperties) = preSolution
		HideSolutionNode = FALSE
	EndGlobalSection
	GlobalSection(ExtensibilityGlobals) = postSolution
		SolutionGuid = {B69E13E4-0BB6-4353-B0BA-99EAC16311E9}
	EndGlobalSection
EndGlobal
